
Microsoft Visual Studio Solution File, Format Version 12.00
# Visual Studio Version 16
VisualStudioVersion = 16.0.29920.165
MinimumVisualStudioVersion = 10.0.40219.1
Project("{FAE04EC0-301F-11D3-BF4B-00C04F79EFBC}") = "SalesWebMVC", "SalesWebMVC\SalesWebMVC.csproj", "{215222D6-4316-49F5-89AA-5BD5BE6939F8}"
EndProject
Global
	GlobalSection(SolutionConfigurationPlatforms) = preSolution
		Debug|Any CPU = Debug|Any CPU
		Release|Any CPU = Release|Any CPU
	EndGlobalSection
	GlobalSection(ProjectConfigurationPlatforms) = postSolution
		{215222D6-4316-49F5-89AA-5BD5BE6939F8}.Debug|Any CPU.ActiveCfg = Debug|Any CPU
		{215222D6-4316-49F5-89AA-5BD5BE6939F8}.Debug|Any CPU.Build.0 = Debug|Any CPU
		{215222D6-4316-49F5-89AA-5BD5BE6939F8}.Release|Any CPU.ActiveCfg = Release|Any CPU
		{215222D6-4316-49F5-89AA-5BD5BE6939F8}.Release|Any CPU.Build.0 = Release|Any CPU
	EndGlobalSection
	GlobalSection(SolutionProperties) = preSolution
		HideSolutionNode = FALSE
	EndGlobalSection
	GlobalSection(ExtensibilityGlobals) = postSolution
		SolutionGuid = {574443DB-AAA4-48A8-AB07-BB06FE0E3825}
	EndGlobalSection
EndGlobal
